
Microsoft Visual Studio Solution File, Format Version 12.00
# Visual Studio Version 16
VisualStudioVersion = 16.0.30011.22
MinimumVisualStudioVersion = 10.0.40219.1
Project("{FAE04EC0-301F-11D3-BF4B-00C04F79EFBC}") = "RpaUi", "RpaUi\RpaUi.csproj", "{64FE3F72-9B4A-4704-852C-F101CFF25183}"
EndProject
Project("{FAE04EC0-301F-11D3-BF4B-00C04F79EFBC}") = "RpaData", "RpaData\RpaData.csproj", "{DF1DCB73-4CDA-4025-B884-E5AAE2CAAD69}"
EndProject
Project("{FAE04EC0-301F-11D3-BF4B-00C04F79EFBC}") = "RpaCommon", "RpaCommon\RpaCommon.csproj", "{01E415DE-F4C7-4322-97F5-1CA57A477A5A}"
EndProject
Project("{FAE04EC0-301F-11D3-BF4B-00C04F79EFBC}") = "RpaApis", "RpaApis\RpaApis.csproj", "{38941754-8B01-4A01-BFAF-283E3CEF843A}"
EndProject
Global
	GlobalSection(SolutionConfigurationPlatforms) = preSolution
		Debug|Any CPU = Debug|Any CPU
		Release|Any CPU = Release|Any CPU
	EndGlobalSection
	GlobalSection(ProjectConfigurationPlatforms) = postSolution
		{64FE3F72-9B4A-4704-852C-F101CFF25183}.Debug|Any CPU.ActiveCfg = Debug|Any CPU
		{64FE3F72-9B4A-4704-852C-F101CFF25183}.Debug|Any CPU.Build.0 = Debug|Any CPU
		{64FE3F72-9B4A-4704-852C-F101CFF25183}.Release|Any CPU.ActiveCfg = Release|Any CPU
		{64FE3F72-9B4A-4704-852C-F101CFF25183}.Release|Any CPU.Build.0 = Release|Any CPU
		{DF1DCB73-4CDA-4025-B884-E5AAE2CAAD69}.Debug|Any CPU.ActiveCfg = Debug|Any CPU
		{DF1DCB73-4CDA-4025-B884-E5AAE2CAAD69}.Debug|Any CPU.Build.0 = Debug|Any CPU
		{DF1DCB73-4CDA-4025-B884-E5AAE2CAAD69}.Release|Any CPU.ActiveCfg = Release|Any CPU
		{DF1DCB73-4CDA-4025-B884-E5AAE2CAAD69}.Release|Any CPU.Build.0 = Release|Any CPU
		{01E415DE-F4C7-4322-97F5-1CA57A477A5A}.Debug|Any CPU.ActiveCfg = Debug|Any CPU
		{01E415DE-F4C7-4322-97F5-1CA57A477A5A}.Debug|Any CPU.Build.0 = Debug|Any CPU
		{01E415DE-F4C7-4322-97F5-1CA57A477A5A}.Release|Any CPU.ActiveCfg = Release|Any CPU
		{01E415DE-F4C7-4322-97F5-1CA57A477A5A}.Release|Any CPU.Build.0 = Release|Any CPU
		{38941754-8B01-4A01-BFAF-283E3CEF843A}.Debug|Any CPU.ActiveCfg = Debug|Any CPU
		{38941754-8B01-4A01-BFAF-283E3CEF843A}.Debug|Any CPU.Build.0 = Debug|Any CPU
		{38941754-8B01-4A01-BFAF-283E3CEF843A}.Release|Any CPU.ActiveCfg = Release|Any CPU
		{38941754-8B01-4A01-BFAF-283E3CEF843A}.Release|Any CPU.Build.0 = Release|Any CPU
	EndGlobalSection
	GlobalSection(SolutionProperties) = preSolution
		HideSolutionNode = FALSE
	EndGlobalSection
	GlobalSection(ExtensibilityGlobals) = postSolution
		SolutionGuid = {BBC83022-C511-43C5-A151-01EED2008192}
	EndGlobalSection
EndGlobal
